
Microsoft Visual Studio Solution File, Format Version 12.00
# Visual Studio Version 17
VisualStudioVersion = 17.9.34728.123
MinimumVisualStudioVersion = 10.0.40219.1
Project("{FAE04EC0-301F-11D3-BF4B-00C04F79EFBC}") = "Libratest", "Libratest\Libratest.csproj", "{B8B4CBE6-F25A-4FD8-86CB-68BD7B5EDA7B}"
EndProject
Project("{FAE04EC0-301F-11D3-BF4B-00C04F79EFBC}") = "BookAPI", "BookAPI\BookAPI.csproj", "{2822D140-E300-49A8-BDA9-E5D8BB5DF4C5}"
EndProject
Global
	GlobalSection(SolutionConfigurationPlatforms) = preSolution
		Debug|Any CPU = Debug|Any CPU
		Release|Any CPU = Release|Any CPU
	EndGlobalSection
	GlobalSection(ProjectConfigurationPlatforms) = postSolution
		{B8B4CBE6-F25A-4FD8-86CB-68BD7B5EDA7B}.Debug|Any CPU.ActiveCfg = Debug|Any CPU
		{B8B4CBE6-F25A-4FD8-86CB-68BD7B5EDA7B}.Debug|Any CPU.Build.0 = Debug|Any CPU
		{B8B4CBE6-F25A-4FD8-86CB-68BD7B5EDA7B}.Release|Any CPU.ActiveCfg = Release|Any CPU
		{B8B4CBE6-F25A-4FD8-86CB-68BD7B5EDA7B}.Release|Any CPU.Build.0 = Release|Any CPU
		{2822D140-E300-49A8-BDA9-E5D8BB5DF4C5}.Debug|Any CPU.ActiveCfg = Debug|Any CPU
		{2822D140-E300-49A8-BDA9-E5D8BB5DF4C5}.Debug|Any CPU.Build.0 = Debug|Any CPU
		{2822D140-E300-49A8-BDA9-E5D8BB5DF4C5}.Release|Any CPU.ActiveCfg = Release|Any CPU
		{2822D140-E300-49A8-BDA9-E5D8BB5DF4C5}.Release|Any CPU.Build.0 = Release|Any CPU
	EndGlobalSection
	GlobalSection(SolutionProperties) = preSolution
		HideSolutionNode = FALSE
	EndGlobalSection
	GlobalSection(ExtensibilityGlobals) = postSolution
		SolutionGuid = {4F4E471D-0555-47F7-9ED4-2F5BF01354B0}
	EndGlobalSection
EndGlobal
